
Microsoft Visual Studio Solution File, Format Version 12.00
# Visual Studio Version 17
VisualStudioVersion = 17.4.33205.214
MinimumVisualStudioVersion = 10.0.40219.1
Project("{FAE04EC0-301F-11D3-BF4B-00C04F79EFBC}") = "CUSM", "CUSM\CUSM.csproj", "{0C5B6B73-67A3-480F-AF01-E8D434FB0417}"
EndProject
Global
	GlobalSection(SolutionConfigurationPlatforms) = preSolution
		Debug|Any CPU = Debug|Any CPU
		Release|Any CPU = Release|Any CPU
	EndGlobalSection
	GlobalSection(ProjectConfigurationPlatforms) = postSolution
		{0C5B6B73-67A3-480F-AF01-E8D434FB0417}.Debug|Any CPU.ActiveCfg = Debug|Any CPU
		{0C5B6B73-67A3-480F-AF01-E8D434FB0417}.Debug|Any CPU.Build.0 = Debug|Any CPU
		{0C5B6B73-67A3-480F-AF01-E8D434FB0417}.Release|Any CPU.ActiveCfg = Release|Any CPU
		{0C5B6B73-67A3-480F-AF01-E8D434FB0417}.Release|Any CPU.Build.0 = Release|Any CPU
	EndGlobalSection
	GlobalSection(SolutionProperties) = preSolution
		HideSolutionNode = FALSE
	EndGlobalSection
	GlobalSection(ExtensibilityGlobals) = postSolution
		SolutionGuid = {C334F3C6-BFD7-408D-9E31-C4B678558C45}
	EndGlobalSection
EndGlobal
